// !$*UTF8*$!
{
	archiveVersion = 1;
	classes = {
	};
	objectVersion = 50;
	objects = {

/* Begin PBXBuildFile section */
		3B1506E6208A44D50094BBAF /* AppDelegate.m in Sources */ = {isa = PBXBuildFile; fileRef = 3B1506E5208A44D50094BBAF /* AppDelegate.m */; };
		3B1506E9208A44D50094BBAF /* ViewController.m in Sources */ = {isa = PBXBuildFile; fileRef = 3B1506E8208A44D50094BBAF /* ViewController.m */; };
		3B1506EC208A44D50094BBAF /* Main.storyboard in Resources */ = {isa = PBXBuildFile; fileRef = 3B1506EA208A44D50094BBAF /* Main.storyboard */; };
		3B1506EE208A44D80094BBAF /* Assets.xcassets in Resources */ = {isa = PBXBuildFile; fileRef = 3B1506ED208A44D80094BBAF /* Assets.xcassets */; };
		3B1506F1208A44D80094BBAF /* LaunchScreen.storyboard in Resources */ = {isa = PBXBuildFile; fileRef = 3B1506EF208A44D80094BBAF /* LaunchScreen.storyboard */; };
		3B1506F4208A44D90094BBAF /* main.m in Sources */ = {isa = PBXBuildFile; fileRef = 3B1506F3208A44D90094BBAF /* main.m */; };
		3B8113C1208A45F400F28F82 /* TipCalculator.m in Sources */ = {isa = PBXBuildFile; fileRef = 3B8113C0208A45F400F28F82 /* TipCalculator.m */; };
/* End PBXBuildFile section */

/* Begin PBXFileReference section */
		3B1506E1208A44D50094BBAF /* W2D5 Tip Calculator.app */ = {isa = PBXFileReference; explicitFileType = wrapper.application; includeInIndex = 0; path = "W2D5 Tip Calculator.app"; sourceTree = BUILT_PRODUCTS_DIR; };
		3B1506E4208A44D50094BBAF /* AppDelegate.h */ = {isa = PBXFileReference; lastKnownFileType = sourcecode.c.h; path = AppDelegate.h; sourceTree = "<group>"; };
		3B1506E5208A44D50094BBAF /* AppDelegate.m */ = {isa = PBXFileReference; lastKnownFileType = sourcecode.c.objc; path = AppDelegate.m; sourceTree = "<group>"; };
		3B1506E7208A44D50094BBAF /* ViewController.h */ = {isa = PBXFileReference; lastKnownFileType = sourcecode.c.h; path = ViewController.h; sourceTree = "<group>"; };
		3B1506E8208A44D50094BBAF /* ViewController.m */ = {isa = PBXFileReference; lastKnownFileType = sourcecode.c.objc; path = ViewController.m; sourceTree = "<group>"; };
		3B1506EB208A44D50094BBAF /* Base */ = {isa = PBXFileReference; lastKnownFileType = file.storyboard; name = Base; path = Base.lproj/Main.storyboard; sourceTree = "<group>"; };
		3B1506ED208A44D80094BBAF /* Assets.xcassets */ = {isa = PBXFileReference; lastKnownFileType = folder.assetcatalog; path = Assets.xcassets; sourceTree = "<group>"; };
		3B1506F0208A44D80094BBAF /* Base */ = {isa = PBXFileReference; lastKnownFileType = file.storyboard; name = Base; path = Base.lproj/LaunchScreen.storyboard; sourceTree = "<group>"; };
		3B1506F2208A44D80094BBAF /* Info.plist */ = {isa = PBXFileReference; lastKnownFileType = text.plist.xml; path = Info.plist; sourceTree = "<group>"; };
		3B1506F3208A44D90094BBAF /* main.m */ = {isa = PBXFileReference; lastKnownFileType = sourcecode.c.objc; path = main.m; sourceTree = "<group>"; };
		3B8113BF208A45F400F28F82 /* TipCalculator.h */ = {isa = PBXFileReference; lastKnownFileType = sourcecode.c.h; path = TipCalculator.h; sourceTree = "<group>"; };
		3B8113C0208A45F400F28F82 /* TipCalculator.m */ = {isa = PBXFileReference; lastKnownFileType = sourcecode.c.objc; path = TipCalculator.m; sourceTree = "<group>"; };
/* End PBXFileReference section */

/* Begin PBXFrameworksBuildPhase section */
		3B1506DE208A44D50094BBAF /* Frameworks */ = {
			isa = PBXFrameworksBuildPhase;
			buildActionMask = 2147483647;
			files = (
			);
			runOnlyForDeploymentPostprocessing = 0;
		};
/* End PBXFrameworksBuildPhase section */

/* Begin PBXGroup section */
		3B1506D8208A44D40094BBAF = {
			isa = PBXGroup;
			children = (
				3B1506E3208A44D50094BBAF /* W2D5 Tip Calculator */,
				3B1506E2208A44D50094BBAF /* Products */,
			);
			sourceTree = "<group>";
		};
		3B1506E2208A44D50094BBAF /* Products */ = {
			isa = PBXGroup;
			children = (
				3B1506E1208A44D50094BBAF /* W2D5 Tip Calculator.app */,
			);
			name = Products;
			sourceTree = "<group>";
		};
		3B1506E3208A44D50094BBAF /* W2D5 Tip Calculator */ = {
			isa = PBXGroup;
			children = (
				3B1506FE208A455F0094BBAF /* Supporting Files */,
				3B1506FA208A452B0094BBAF /* Model */,
				3B1506FC208A45460094BBAF /* View */,
				3B1506FD208A454E0094BBAF /* Controller */,
			);
			path = "W2D5 Tip Calculator";
			sourceTree = "<group>";
		};
		3B1506FA208A452B0094BBAF /* Model */ = {
			isa = PBXGroup;
			children = (
				3B8113BF208A45F400F28F82 /* TipCalculator.h */,
				3B8113C0208A45F400F28F82 /* TipCalculator.m */,
			);
			name = Model;
			sourceTree = "<group>";
		};
		3B1506FC208A45460094BBAF /* View */ = {
			isa = PBXGroup;
			children = (
				3B1506EA208A44D50094BBAF /* Main.storyboard */,
				3B1506EF208A44D80094BBAF /* LaunchScreen.storyboard */,
			);
			name = View;
			sourceTree = "<group>";
		};
		3B1506FD208A454E0094BBAF /* Controller */ = {
			isa = PBXGroup;
			children = (
				3B1506E7208A44D50094BBAF /* ViewController.h */,
				3B1506E8208A44D50094BBAF /* ViewController.m */,
			);
			name = Controller;
			sourceTree = "<group>";
		};
		3B1506FE208A455F0094BBAF /* Supporting Files */ = {
			isa = PBXGroup;
			children = (
				3B1506F2208A44D80094BBAF /* Info.plist */,
				3B1506F3208A44D90094BBAF /* main.m */,
				3B1506ED208A44D80094BBAF /* Assets.xcassets */,
				3B1506E4208A44D50094BBAF /* AppDelegate.h */,
				3B1506E5208A44D50094BBAF /* AppDelegate.m */,
			);
			name = "Supporting Files";
			sourceTree = "<group>";
		};
/* End PBXGroup section */

/* Begin PBXNativeTarget section */
		3B1506E0208A44D50094BBAF /* W2D5 Tip Calculator */ = {
			isa = PBXNativeTarget;
			buildConfigurationList = 3B1506F7208A44D90094BBAF /* Build configuration list for PBXNativeTarget "W2D5 Tip Calculator" */;
			buildPhases = (
				3B1506DD208A44D50094BBAF /* Sources */,
				3B1506DE208A44D50094BBAF /* Frameworks */,
				3B1506DF208A44D50094BBAF /* Resources */,
			);
			buildRules = (
			);
			dependencies = (
			);
			name = "W2D5 Tip Calculator";
			productName = "W2D5 Tip Calculator";
			productReference = 3B1506E1208A44D50094BBAF /* W2D5 Tip Calculator.app */;
			productType = "com.apple.product-type.application";
		};
/* End PBXNativeTarget section */

/* Begin PBXProject section */
		3B1506D9208A44D40094BBAF /* Project object */ = {
			isa = PBXProject;
			attributes = {
				LastUpgradeCheck = 0930;
				ORGANIZATIONNAME = "Colin Russell";
				TargetAttributes = {
					3B1506E0208A44D50094BBAF = {
						CreatedOnToolsVersion = 9.3;
					};
				};
			};
			buildConfigurationList = 3B1506DC208A44D40094BBAF /* Build configuration list for PBXProject "W2D5 Tip Calculator" */;
			compatibilityVersion = "Xcode 9.3";
			developmentRegion = en;
			hasScannedForEncodings = 0;
			knownRegions = (
				en,
				Base,
			);
			mainGroup = 3B1506D8208A44D40094BBAF;
			productRefGroup = 3B1506E2208A44D50094BBAF /* Products */;
			projectDirPath = "";
			projectRoot = "";
			targets = (
				3B1506E0208A44D50094BBAF /* W2D5 Tip Calculator */,
			);
		};
/* End PBXProject section */

/* Begin PBXResourcesBuildPhase section */
		3B1506DF208A44D50094BBAF /* Resources */ = {
			isa = PBXResourcesBuildPhase;
			buildActionMask = 2147483647;
			files = (
				3B1506F1208A44D80094BBAF /* LaunchScreen.storyboard in Resources */,
				3B1506EE208A44D80094BBAF /* Assets.xcassets in Resources */,
				3B1506EC208A44D50094BBAF /* Main.storyboard in Resources */,
			);
			runOnlyForDeploymentPostprocessing = 0;
		};
/* End PBXResourcesBuildPhase section */

/* Begin PBXSourcesBuildPhase section */
		3B1506DD208A44D50094BBAF /* Sources */ = {
			isa = PBXSourcesBuildPhase;
			buildActionMask = 2147483647;
			files = (
				3B1506E9208A44D50094BBAF /* ViewController.m in Sources */,
				3B8113C1208A45F400F28F82 /* TipCalculator.m in Sources */,
				3B1506F4208A44D90094BBAF /* main.m in Sources */,
				3B1506E6208A44D50094BBAF /* AppDelegate.m in Sources */,
			);
			runOnlyForDeploymentPostprocessing = 0;
		};
/* End PBXSourcesBuildPhase section */

/* Begin PBXVariantGroup section */
		3B1506EA208A44D50094BBAF /* Main.storyboard */ = {
			isa = PBXVariantGroup;
			children = (
				3B1506EB208A44D50094BBAF /* Base */,
			);
			name = Main.storyboard;
			sourceTree = "<group>";
		};
		3B1506EF208A44D80094BBAF /* LaunchScreen.storyboard */ = {
			isa = PBXVariantGroup;
			children = (
				3B1506F0208A44D80094BBAF /* Base */,
			);
			name = LaunchScreen.storyboard;
			sourceTree = "<group>";
		};
/* End PBXVariantGroup section */

/* Begin XCBuildConfiguration section */
		3B1506F5208A44D90094BBAF /* Debug */ = {
			isa = XCBuildConfiguration;
			buildSettings = {
				ALWAYS_SEARCH_USER_PATHS = NO;
				CLANG_ANALYZER_NONNULL = YES;
				CLANG_ANALYZER_NUMBER_OBJECT_CONVERSION = YES_AGGRESSIVE;
				CLANG_CXX_LANGUAGE_STANDARD = "gnu++14";
				CLANG_CXX_LIBRARY = "libc++";
				CLANG_ENABLE_MODULES = YES;
				CLANG_ENABLE_OBJC_ARC = YES;
				CLANG_ENABLE_OBJC_WEAK = YES;
				CLANG_WARN_BLOCK_CAPTURE_AUTORELEASING = YES;
				CLANG_WARN_BOOL_CONVERSION = YES;
				CLANG_WARN_COMMA = YES;
				CLANG_WARN_CONSTANT_CONVERSION = YES;
				CLANG_WARN_DEPRECATED_OBJC_IMPLEMENTATIONS = YES;
				CLANG_WARN_DIRECT_OBJC_ISA_USAGE = YES_ERROR;
				CLANG_WARN_DOCUMENTATION_COMMENTS = YES;
				CLANG_WARN_EMPTY_BODY = YES;
				CLANG_WARN_ENUM_CONVERSION = YES;
				CLANG_WARN_INFINITE_RECURSION = YES;
				CLANG_WARN_INT_CONVERSION = YES;
				CLANG_WARN_NON_LITERAL_NULL_CONVERSION = YES;
				CLANG_WARN_OBJC_IMPLICIT_RETAIN_SELF = YES;
				CLANG_WARN_OBJC_LITERAL_CONVERSION = YES;
				CLANG_WARN_OBJC_ROOT_CLASS = YES_ERROR;
				CLANG_WARN_RANGE_LOOP_ANALYSIS = YES;
				CLANG_WARN_STRICT_PROTOTYPES = YES;
				CLANG_WARN_SUSPICIOUS_MOVE = YES;
				CLANG_WARN_UNGUARDED_AVAILABILITY = YES_AGGRESSIVE;
				CLANG_WARN_UNREACHABLE_CODE = YES;
				CLANG_WARN__DUPLICATE_METHOD_MATCH = YES;
				CODE_SIGN_IDENTITY = "iPhone Developer";
				COPY_PHASE_STRIP = NO;
				DEBUG_INFORMATION_FORMAT = dwarf;
				ENABLE_STRICT_OBJC_MSGSEND = YES;
				ENABLE_TESTABILITY = YES;
				GCC_C_LANGUAGE_STANDARD = gnu11;
				GCC_DYNAMIC_NO_PIC = NO;
				GCC_NO_COMMON_BLOCKS = YES;
				GCC_OPTIMIZATION_LEVEL = 0;
				GCC_PREPROCESSOR_DEFINITIONS = (
					"DEBUG=1",
					"$(inherited)",
				);
				GCC_WARN_64_TO_32_BIT_CONVERSION = YES;
				GCC_WARN_ABOUT_RETURN_TYPE = YES_ERROR;
				GCC_WARN_UNDECLARED_SELECTOR = YES;
				GCC_WARN_UNINITIALIZED_AUTOS = YES_AGGRESSIVE;
				GCC_WARN_UNUSED_FUNCTION = YES;
				GCC_WARN_UNUSED_VARIABLE = YES;
				IPHONEOS_DEPLOYMENT_TARGET = 11.3;
				MTL_ENABLE_DEBUG_INFO = YES;
				ONLY_ACTIVE_ARCH = YES;
				SDKROOT = iphoneos;
			};
			name = Debug;
		};
		3B1506F6208A44D90094BBAF /* Release */ = {
			isa = XCBuildConfiguration;
			buildSettings = {
				ALWAYS_SEARCH_USER_PATHS = NO;
				CLANG_ANALYZER_NONNULL = YES;
				CLANG_ANALYZER_NUMBER_OBJECT_CONVERSION = YES_AGGRESSIVE;
				CLANG_CXX_LANGUAGE_STANDARD = "gnu++14";
				CLANG_CXX_LIBRARY = "libc++";
				CLANG_ENABLE_MODULES = YES;
				CLANG_ENABLE_OBJC_ARC = YES;
				CLANG_ENABLE_OBJC_WEAK = YES;
				CLANG_WARN_BLOCK_CAPTURE_AUTORELEASING = YES;
				CLANG_WARN_BOOL_CONVERSION = YES;
				CLANG_WARN_COMMA = YES;
				CLANG_WARN_CONSTANT_CONVERSION = YES;
				CLANG_WARN_DEPRECATED_OBJC_IMPLEMENTATIONS = YES;
				CLANG_WARN_DIRECT_OBJC_ISA_USAGE = YES_ERROR;
				CLANG_WARN_DOCUMENTATION_COMMENTS = YES;
				CLANG_WARN_EMPTY_BODY = YES;
				CLANG_WARN_ENUM_CONVERSION = YES;
				CLANG_WARN_INFINITE_RECURSION = YES;
				CLANG_WARN_INT_CONVERSION = YES;
				CLANG_WARN_NON_LITERAL_NULL_CONVERSION = YES;
				CLANG_WARN_OBJC_IMPLICIT_RETAIN_SELF = YES;
				CLANG_WARN_OBJC_LITERAL_CONVERSION = YES;
				CLANG_WARN_OBJC_ROOT_CLASS = YES_ERROR;
				CLANG_WARN_RANGE_LOOP_ANALYSIS = YES;
				CLANG_WARN_STRICT_PROTOTYPES = YES;
				CLANG_WARN_SUSPICIOUS_MOVE = YES;
				CLANG_WARN_UNGUARDED_AVAILABILITY = YES_AGGRESSIVE;
				CLANG_WARN_UNREACHABLE_CODE = YES;
				CLANG_WARN__DUPLICATE_METHOD_MATCH = YES;
				CODE_SIGN_IDENTITY = "iPhone Developer";
				COPY_PHASE_STRIP = NO;
				DEBUG_INFORMATION_FORMAT = "dwarf-with-dsym";
				ENABLE_NS_ASSERTIONS = NO;
				ENABLE_STRICT_OBJC_MSGSEND = YES;
				GCC_C_LANGUAGE_STANDARD = gnu11;
				GCC_NO_COMMON_BLOCKS = YES;
				GCC_WARN_64_TO_32_BIT_CONVERSION = YES;
				GCC_WARN_ABOUT_RETURN_TYPE = YES_ERROR;
				GCC_WARN_UNDECLARED_SELECTOR = YES;
				GCC_WARN_UNINITIALIZED_AUTOS = YES_AGGRESSIVE;
				GCC_WARN_UNUSED_FUNCTION = YES;
				GCC_WARN_UNUSED_VARIABLE = YES;
				IPHONEOS_DEPLOYMENT_TARGET = 11.3;
				MTL_ENABLE_DEBUG_INFO = NO;
				SDKROOT = iphoneos;
				VALIDATE_PRODUCT = YES;
			};
			name = Release;
		};
		3B1506F8208A44D90094BBAF /* Debug */ = {
			isa = XCBuildConfiguration;
			buildSettings = {
				ASSETCATALOG_COMPILER_APPICON_NAME = AppIcon;
				CODE_SIGN_STYLE = Automatic;
				DEVELOPMENT_TEAM = 84BM2BTTA9;
				INFOPLIST_FILE = "W2D5 Tip Calculator/Info.plist";
				LD_RUNPATH_SEARCH_PATHS = (
					"$(inherited)",
					"@executable_path/Frameworks",
				);
				PRODUCT_BUNDLE_IDENTIFIER = "com.colinrussell.W2D5-Tip-Calculator";
				PRODUCT_NAME = "$(TARGET_NAME)";
				TARGETED_DEVICE_FAMILY = "1,2";
			};
			name = Debug;
		};
		3B1506F9208A44D90094BBAF /* Release */ = {
			isa = XCBuildConfiguration;
			buildSettings = {
				ASSETCATALOG_COMPILER_APPICON_NAME = AppIcon;
				CODE_SIGN_STYLE = Automatic;
				DEVELOPMENT_TEAM = 84BM2BTTA9;
				INFOPLIST_FILE = "W2D5 Tip Calculator/Info.plist";
				LD_RUNPATH_SEARCH_PATHS = (
					"$(inherited)",
					"@executable_path/Frameworks",
				);
				PRODUCT_BUNDLE_IDENTIFIER = "com.colinrussell.W2D5-Tip-Calculator";
				PRODUCT_NAME = "$(TARGET_NAME)";
				TARGETED_DEVICE_FAMILY = "1,2";
			};
			name = Release;
		};
/* End XCBuildConfiguration section */

/* Begin XCConfigurationList section */
		3B1506DC208A44D40094BBAF /* Build configuration list for PBXProject "W2D5 Tip Calculator" */ = {
			isa = XCConfigurationList;
			buildConfigurations = (
				3B1506F5208A44D90094BBAF /* Debug */,
				3B1506F6208A44D90094BBAF /* Release */,
			);
			defaultConfigurationIsVisible = 0;
			defaultConfigurationName = Release;
		};
		3B1506F7208A44D90094BBAF /* Build configuration list for PBXNativeTarget "W2D5 Tip Calculator" */ = {
			isa = XCConfigurationList;
			buildConfigurations = (
				3B1506F8208A44D90094BBAF /* Debug */,
				3B1506F9208A44D90094BBAF /* Release */,
			);
			defaultConfigurationIsVisible = 0;
			defaultConfigurationName = Release;
		};
/* End XCConfigurationList section */
	};
	rootObject = 3B1506D9208A44D40094BBAF /* Project object */;
}
